<?xml version="1.0" encoding="utf-8"?>
<Project ToolsVersion="4.0" xmlns="http://schemas.microsoft.com/developer/msbuild/2003">
  <ItemGroup>
    <Filter Include="Ressourcendateien">
      <UniqueIdentifier>{67DA6AB6-F800-4c08-8B7A-83BB121AAD01}</UniqueIdentifier>
      <Extensions>rc;ico;cur;bmp;dlg;rc2;rct;bin;rgs;gif;jpg;jpeg;jpe;resx;tiff;tif;png;wav;mfcribbon-ms</Extensions>
    </Filter>
    <Filter Include="app">
      <UniqueIdentifier>{9aee8fe4-e6ed-40dc-8092-3ba960facd19}</UniqueIdentifier>
    </Filter>
    <Filter Include="mesh">
      <UniqueIdentifier>{da06f731-41a4-4952-a56d-f2d68c30f0f0}</UniqueIdentifier>
    </Filter>
    <Filter Include="pipeline">
      <UniqueIdentifier>{dfda067c-ed52-47dc-b9a5-ef6a551ae07b}</UniqueIdentifier>
    </Filter>
    <Filter Include="shader">
      <UniqueIdentifier>{beab90b0-9c76-446a-b534-e45a18d94301}</UniqueIdentifier>
    </Filter>
  </ItemGroup>
  <ItemGroup>
    <ClCompile Include="..\..\main.cpp" />
    <ClCompile Include="..\..\app_D3D12.cpp">
      <Filter>app</Filter>
    </ClCompile>
    <ClCompile Include="..\..\app_TechDemo.cpp">
      <Filter>app</Filter>
    </ClCompile>
  </ItemGroup>
  <ItemGroup>
    <ClInclude Include="..\..\app.h">
      <Filter>app</Filter>
    </ClInclude>
    <ClInclude Include="..\..\app_D3D12.h">
      <Filter>app</Filter>
    </ClInclude>
    <ClInclude Include="..\..\app_TechDemo.h">
      <Filter>app</Filter>
    </ClInclude>
    <ClInclude Include="..\..\d3dx12.h">
      <Filter>app</Filter>
    </ClInclude>
    <ClInclude Include="..\..\zone_3D.h">
      <Filter>app</Filter>
    </ClInclude>
    <ClInclude Include="..\..\mesh.h">
      <Filter>mesh</Filter>
    </ClInclude>
    <ClInclude Include="..\..\pso.h">
      <Filter>pipeline</Filter>
    </ClInclude>
  </ItemGroup>
  <ItemGroup>
    <None Include="..\..\..\LICENSE" />
    <None Include="..\..\..\README.md" />
    <None Include="..\..\Shaders\fbm.hlsli">
      <Filter>shader</Filter>
    </None>
  </ItemGroup>
  <ItemGroup>
    <FxCompile Include="..\..\Shaders\PS_phong.hlsl">
      <Filter>shader</Filter>
    </FxCompile>
    <FxCompile Include="..\..\Shaders\VS_phong.hlsl">
      <Filter>shader</Filter>
    </FxCompile>
    <FxCompile Include="..\..\Shaders\CS_post.hlsl">
      <Filter>shader</Filter>
    </FxCompile>
    <FxCompile Include="..\..\Shaders\RS_library.hlsl">
      <Filter>shader</Filter>
    </FxCompile>
  </ItemGroup>
</Project>